
Microsoft Visual Studio Solution File, Format Version 12.00
# Visual Studio 14
VisualStudioVersion = 14.0.23107.0
MinimumVisualStudioVersion = 10.0.40219.1
Project("{FAE04EC0-301F-11D3-BF4B-00C04F79EFBC}") = "Valtech.Samples.Website", "Valtech.Samples\Valtech.Samples.Website.csproj", "{5F6F7390-AB27-457E-AA4F-0557FA9C40A2}"
EndProject
Project("{FAE04EC0-301F-11D3-BF4B-00C04F79EFBC}") = "Valtech.Samples.UnitTests", "Valtech.Samples.UnitTests\Valtech.Samples.UnitTests.csproj", "{23AB21E7-83E7-4B9A-84AB-495EF361F228}"
EndProject
Project("{FAE04EC0-301F-11D3-BF4B-00C04F79EFBC}") = "Valtech.Samples.AcceptanceTests", "Valtech.Samples.AcceptanceTests\Valtech.Samples.AcceptanceTests.csproj", "{9F3509E8-3419-4889-B635-9653B4BADE5C}"
EndProject
Project("{2150E333-8FDC-42A3-9474-1A3956D46DE8}") = ".nuget", ".nuget", "{B66724C7-043D-4AA2-9F69-728D792043E3}"
	ProjectSection(SolutionItems) = preProject
		.nuget\packages.config = .nuget\packages.config
	EndProjectSection
EndProject
Project("{FAE04EC0-301F-11D3-BF4B-00C04F79EFBC}") = "Valtech.Samples.BupaGlobal.AcceptanceTests", "Valtech.Samples.BupaGlobal.AcceptanceTests\Valtech.Samples.BupaGlobal.AcceptanceTests.csproj", "{A27316AC-E3A0-4DC7-84E2-6125CFB77814}"
EndProject
Global
	GlobalSection(SolutionConfigurationPlatforms) = preSolution
		Debug|Any CPU = Debug|Any CPU
		Release|Any CPU = Release|Any CPU
	EndGlobalSection
	GlobalSection(ProjectConfigurationPlatforms) = postSolution
		{5F6F7390-AB27-457E-AA4F-0557FA9C40A2}.Debug|Any CPU.ActiveCfg = Debug|Any CPU
		{5F6F7390-AB27-457E-AA4F-0557FA9C40A2}.Debug|Any CPU.Build.0 = Debug|Any CPU
		{5F6F7390-AB27-457E-AA4F-0557FA9C40A2}.Release|Any CPU.ActiveCfg = Release|Any CPU
		{5F6F7390-AB27-457E-AA4F-0557FA9C40A2}.Release|Any CPU.Build.0 = Release|Any CPU
		{23AB21E7-83E7-4B9A-84AB-495EF361F228}.Debug|Any CPU.ActiveCfg = Debug|Any CPU
		{23AB21E7-83E7-4B9A-84AB-495EF361F228}.Debug|Any CPU.Build.0 = Debug|Any CPU
		{23AB21E7-83E7-4B9A-84AB-495EF361F228}.Release|Any CPU.ActiveCfg = Release|Any CPU
		{23AB21E7-83E7-4B9A-84AB-495EF361F228}.Release|Any CPU.Build.0 = Release|Any CPU
		{9F3509E8-3419-4889-B635-9653B4BADE5C}.Debug|Any CPU.ActiveCfg = Debug|Any CPU
		{9F3509E8-3419-4889-B635-9653B4BADE5C}.Debug|Any CPU.Build.0 = Debug|Any CPU
		{9F3509E8-3419-4889-B635-9653B4BADE5C}.Release|Any CPU.ActiveCfg = Release|Any CPU
		{9F3509E8-3419-4889-B635-9653B4BADE5C}.Release|Any CPU.Build.0 = Release|Any CPU
		{A27316AC-E3A0-4DC7-84E2-6125CFB77814}.Debug|Any CPU.ActiveCfg = Debug|Any CPU
		{A27316AC-E3A0-4DC7-84E2-6125CFB77814}.Debug|Any CPU.Build.0 = Debug|Any CPU
		{A27316AC-E3A0-4DC7-84E2-6125CFB77814}.Release|Any CPU.ActiveCfg = Release|Any CPU
		{A27316AC-E3A0-4DC7-84E2-6125CFB77814}.Release|Any CPU.Build.0 = Release|Any CPU
	EndGlobalSection
	GlobalSection(SolutionProperties) = preSolution
		HideSolutionNode = FALSE
	EndGlobalSection
EndGlobal
